// !$*UTF8*$!
{
	archiveVersion = 1;
	classes = {
	};
	objectVersion = 48;
	objects = {

/* Begin PBXBuildFile section */
		57352C15208D82B00025AF33 /* Genetics.c in Sources */ = {isa = PBXBuildFile; fileRef = 57352C14208D82B00025AF33 /* Genetics.c */; };
		57352C18208D894C0025AF33 /* Algorithm.c in Sources */ = {isa = PBXBuildFile; fileRef = 57352C17208D894C0025AF33 /* Algorithm.c */; };
		57352C1C208DAD6D0025AF33 /* SinglePopulationAlgorithm.c in Sources */ = {isa = PBXBuildFile; fileRef = 57352C1B208DAD6D0025AF33 /* SinglePopulationAlgorithm.c */; };
		57352C20208EF0960025AF33 /* Breeder.c in Sources */ = {isa = PBXBuildFile; fileRef = 57352C1F208EF0960025AF33 /* Breeder.c */; };
		57352C24208FD11C0025AF33 /* RandomCrossoverBreeder.c in Sources */ = {isa = PBXBuildFile; fileRef = 57352C23208FD11C0025AF33 /* RandomCrossoverBreeder.c */; };
		57352C27208FD4C30025AF33 /* Mutator.c in Sources */ = {isa = PBXBuildFile; fileRef = 57352C26208FD4C30025AF33 /* Mutator.c */; };
		57352C2B208FD7310025AF33 /* RandomReplaceMutator.c in Sources */ = {isa = PBXBuildFile; fileRef = 57352C2A208FD7310025AF33 /* RandomReplaceMutator.c */; };
		57352C2E208FF7680025AF33 /* BreedingSelector.c in Sources */ = {isa = PBXBuildFile; fileRef = 57352C2D208FF7680025AF33 /* BreedingSelector.c */; };
		57352C32209022D50025AF33 /* BreedTop.c in Sources */ = {isa = PBXBuildFile; fileRef = 57352C31209022D50025AF33 /* BreedTop.c */; };
		57352C36209105F10025AF33 /* FitnessFunction.c in Sources */ = {isa = PBXBuildFile; fileRef = 57352C35209105F10025AF33 /* FitnessFunction.c */; };
		57352C3920917ED00025AF33 /* StringCmpFitness.c in Sources */ = {isa = PBXBuildFile; fileRef = 57352C3820917ED00025AF33 /* StringCmpFitness.c */; };
		57352C3D20924AD00025AF33 /* ReplaceInsertMutator.c in Sources */ = {isa = PBXBuildFile; fileRef = 57352C3C20924AD00025AF33 /* ReplaceInsertMutator.c */; };
		576D6FE3208694FA00218D93 /* main.c in Sources */ = {isa = PBXBuildFile; fileRef = 576D6FE2208694FA00218D93 /* main.c */; };
		576D6FEB208695C800218D93 /* Settings.c in Sources */ = {isa = PBXBuildFile; fileRef = 576D6FEA208695C800218D93 /* Settings.c */; };
		576D6FEE2086973F00218D93 /* Interpreter.c in Sources */ = {isa = PBXBuildFile; fileRef = 576D6FED2086973F00218D93 /* Interpreter.c */; };
		576D6FF120869A3F00218D93 /* StupidInterpreter.c in Sources */ = {isa = PBXBuildFile; fileRef = 576D6FF020869A3F00218D93 /* StupidInterpreter.c */; };
		576D6FF72089EE7200218D93 /* FastBFInterpreter.c in Sources */ = {isa = PBXBuildFile; fileRef = 576D6FF62089EE7200218D93 /* FastBFInterpreter.c */; };
/* End PBXBuildFile section */

/* Begin PBXCopyFilesBuildPhase section */
		576D6FDD208694FA00218D93 /* CopyFiles */ = {
			isa = PBXCopyFilesBuildPhase;
			buildActionMask = 2147483647;
			dstPath = /usr/share/man/man1/;
			dstSubfolderSpec = 0;
			files = (
			);
			runOnlyForDeploymentPostprocessing = 1;
		};
/* End PBXCopyFilesBuildPhase section */

/* Begin PBXFileReference section */
		57352C0F2089F31B0025AF33 /* FastTest.lf */ = {isa = PBXFileReference; lastKnownFileType = text; path = FastTest.lf; sourceTree = "<group>"; };
		57352C13208D82B00025AF33 /* Genetics.h */ = {isa = PBXFileReference; lastKnownFileType = sourcecode.c.h; path = Genetics.h; sourceTree = "<group>"; };
		57352C14208D82B00025AF33 /* Genetics.c */ = {isa = PBXFileReference; lastKnownFileType = sourcecode.c.c; path = Genetics.c; sourceTree = "<group>"; };
		57352C16208D894C0025AF33 /* Algorithm.h */ = {isa = PBXFileReference; lastKnownFileType = sourcecode.c.h; path = Algorithm.h; sourceTree = "<group>"; };
		57352C17208D894C0025AF33 /* Algorithm.c */ = {isa = PBXFileReference; lastKnownFileType = sourcecode.c.c; path = Algorithm.c; sourceTree = "<group>"; };
		57352C1A208DAD6D0025AF33 /* SinglePopulationAlgorithm.h */ = {isa = PBXFileReference; lastKnownFileType = sourcecode.c.h; path = SinglePopulationAlgorithm.h; sourceTree = "<group>"; };
		57352C1B208DAD6D0025AF33 /* SinglePopulationAlgorithm.c */ = {isa = PBXFileReference; lastKnownFileType = sourcecode.c.c; path = SinglePopulationAlgorithm.c; sourceTree = "<group>"; };
		57352C1D208EEF100025AF33 /* BasicTest.lf */ = {isa = PBXFileReference; lastKnownFileType = text; path = BasicTest.lf; sourceTree = "<group>"; };
		57352C1E208EF0960025AF33 /* Breeder.h */ = {isa = PBXFileReference; lastKnownFileType = sourcecode.c.h; path = Breeder.h; sourceTree = "<group>"; };
		57352C1F208EF0960025AF33 /* Breeder.c */ = {isa = PBXFileReference; lastKnownFileType = sourcecode.c.c; path = Breeder.c; sourceTree = "<group>"; };
		57352C22208FD11C0025AF33 /* RandomCrossoverBreeder.h */ = {isa = PBXFileReference; lastKnownFileType = sourcecode.c.h; path = RandomCrossoverBreeder.h; sourceTree = "<group>"; };
		57352C23208FD11C0025AF33 /* RandomCrossoverBreeder.c */ = {isa = PBXFileReference; lastKnownFileType = sourcecode.c.c; path = RandomCrossoverBreeder.c; sourceTree = "<group>"; };
		57352C25208FD4C30025AF33 /* Mutator.h */ = {isa = PBXFileReference; lastKnownFileType = sourcecode.c.h; path = Mutator.h; sourceTree = "<group>"; };
		57352C26208FD4C30025AF33 /* Mutator.c */ = {isa = PBXFileReference; lastKnownFileType = sourcecode.c.c; path = Mutator.c; sourceTree = "<group>"; };
		57352C29208FD7310025AF33 /* RandomReplaceMutator.h */ = {isa = PBXFileReference; lastKnownFileType = sourcecode.c.h; path = RandomReplaceMutator.h; sourceTree = "<group>"; };
		57352C2A208FD7310025AF33 /* RandomReplaceMutator.c */ = {isa = PBXFileReference; lastKnownFileType = sourcecode.c.c; path = RandomReplaceMutator.c; sourceTree = "<group>"; };
		57352C2C208FF7680025AF33 /* BreedingSelector.h */ = {isa = PBXFileReference; lastKnownFileType = sourcecode.c.h; path = BreedingSelector.h; sourceTree = "<group>"; };
		57352C2D208FF7680025AF33 /* BreedingSelector.c */ = {isa = PBXFileReference; lastKnownFileType = sourcecode.c.c; path = BreedingSelector.c; sourceTree = "<group>"; };
		57352C30209022D50025AF33 /* BreedTop.h */ = {isa = PBXFileReference; lastKnownFileType = sourcecode.c.h; path = BreedTop.h; sourceTree = "<group>"; };
		57352C31209022D50025AF33 /* BreedTop.c */ = {isa = PBXFileReference; lastKnownFileType = sourcecode.c.c; path = BreedTop.c; sourceTree = "<group>"; };
		57352C34209105F10025AF33 /* FitnessFunction.h */ = {isa = PBXFileReference; lastKnownFileType = sourcecode.c.h; path = FitnessFunction.h; sourceTree = "<group>"; };
		57352C35209105F10025AF33 /* FitnessFunction.c */ = {isa = PBXFileReference; lastKnownFileType = sourcecode.c.c; path = FitnessFunction.c; sourceTree = "<group>"; };
		57352C3720917ED00025AF33 /* StringCmpFitness.h */ = {isa = PBXFileReference; lastKnownFileType = sourcecode.c.h; path = StringCmpFitness.h; sourceTree = "<group>"; };
		57352C3820917ED00025AF33 /* StringCmpFitness.c */ = {isa = PBXFileReference; lastKnownFileType = sourcecode.c.c; path = StringCmpFitness.c; sourceTree = "<group>"; };
		57352C3A2091CFB90025AF33 /* SaveTest.lf */ = {isa = PBXFileReference; lastKnownFileType = text; path = SaveTest.lf; sourceTree = "<group>"; };
		57352C3B20924AD00025AF33 /* ReplaceInsertMutator.h */ = {isa = PBXFileReference; lastKnownFileType = sourcecode.c.h; path = ReplaceInsertMutator.h; sourceTree = "<group>"; };
		57352C3C20924AD00025AF33 /* ReplaceInsertMutator.c */ = {isa = PBXFileReference; lastKnownFileType = sourcecode.c.c; path = ReplaceInsertMutator.c; sourceTree = "<group>"; };
		576D6FDF208694FA00218D93 /* BFAIClean */ = {isa = PBXFileReference; explicitFileType = "compiled.mach-o.executable"; includeInIndex = 0; path = BFAIClean; sourceTree = BUILT_PRODUCTS_DIR; };
		576D6FE2208694FA00218D93 /* main.c */ = {isa = PBXFileReference; lastKnownFileType = sourcecode.c.c; path = main.c; sourceTree = "<group>"; };
		576D6FE9208695C800218D93 /* Settings.h */ = {isa = PBXFileReference; lastKnownFileType = sourcecode.c.h; path = Settings.h; sourceTree = "<group>"; };
		576D6FEA208695C800218D93 /* Settings.c */ = {isa = PBXFileReference; lastKnownFileType = sourcecode.c.c; path = Settings.c; sourceTree = "<group>"; };
		576D6FEC2086973F00218D93 /* Interpreter.h */ = {isa = PBXFileReference; lastKnownFileType = sourcecode.c.h; path = Interpreter.h; sourceTree = "<group>"; };
		576D6FED2086973F00218D93 /* Interpreter.c */ = {isa = PBXFileReference; lastKnownFileType = sourcecode.c.c; path = Interpreter.c; sourceTree = "<group>"; };
		576D6FEF20869A3F00218D93 /* StupidInterpreter.h */ = {isa = PBXFileReference; lastKnownFileType = sourcecode.c.h; path = StupidInterpreter.h; sourceTree = "<group>"; };
		576D6FF020869A3F00218D93 /* StupidInterpreter.c */ = {isa = PBXFileReference; lastKnownFileType = sourcecode.c.c; path = StupidInterpreter.c; sourceTree = "<group>"; };
		576D6FF22086A03600218D93 /* Stupid.lf */ = {isa = PBXFileReference; lastKnownFileType = text; path = Stupid.lf; sourceTree = "<group>"; };
		576D6FF32086A06300218D93 /* LoadFileTemplate */ = {isa = PBXFileReference; lastKnownFileType = text; path = LoadFileTemplate; sourceTree = "<group>"; };
		576D6FF52089EE7200218D93 /* FastBFInterpreter.h */ = {isa = PBXFileReference; lastKnownFileType = sourcecode.c.h; path = FastBFInterpreter.h; sourceTree = "<group>"; };
		576D6FF62089EE7200218D93 /* FastBFInterpreter.c */ = {isa = PBXFileReference; lastKnownFileType = sourcecode.c.c; path = FastBFInterpreter.c; sourceTree = "<group>"; };
/* End PBXFileReference section */

/* Begin PBXFrameworksBuildPhase section */
		576D6FDC208694FA00218D93 /* Frameworks */ = {
			isa = PBXFrameworksBuildPhase;
			buildActionMask = 2147483647;
			files = (
			);
			runOnlyForDeploymentPostprocessing = 0;
		};
/* End PBXFrameworksBuildPhase section */

/* Begin PBXGroup section */
		57352C102089F3210025AF33 /* Loadfiles */ = {
			isa = PBXGroup;
			children = (
				576D6FF22086A03600218D93 /* Stupid.lf */,
				57352C0F2089F31B0025AF33 /* FastTest.lf */,
				57352C1D208EEF100025AF33 /* BasicTest.lf */,
				57352C3A2091CFB90025AF33 /* SaveTest.lf */,
			);
			name = Loadfiles;
			sourceTree = "<group>";
		};
		57352C11208ABB330025AF33 /* Generic Structures */ = {
			isa = PBXGroup;
			children = (
				576D6FEC2086973F00218D93 /* Interpreter.h */,
				576D6FED2086973F00218D93 /* Interpreter.c */,
				57352C13208D82B00025AF33 /* Genetics.h */,
				57352C14208D82B00025AF33 /* Genetics.c */,
				57352C16208D894C0025AF33 /* Algorithm.h */,
				57352C17208D894C0025AF33 /* Algorithm.c */,
				57352C1E208EF0960025AF33 /* Breeder.h */,
				57352C1F208EF0960025AF33 /* Breeder.c */,
				57352C25208FD4C30025AF33 /* Mutator.h */,
				57352C26208FD4C30025AF33 /* Mutator.c */,
				57352C2C208FF7680025AF33 /* BreedingSelector.h */,
				57352C2D208FF7680025AF33 /* BreedingSelector.c */,
				57352C34209105F10025AF33 /* FitnessFunction.h */,
				57352C35209105F10025AF33 /* FitnessFunction.c */,
			);
			name = "Generic Structures";
			sourceTree = "<group>";
		};
		57352C12208ABB5B0025AF33 /* Interpreters */ = {
			isa = PBXGroup;
			children = (
				576D6FEF20869A3F00218D93 /* StupidInterpreter.h */,
				576D6FF020869A3F00218D93 /* StupidInterpreter.c */,
				576D6FF52089EE7200218D93 /* FastBFInterpreter.h */,
				576D6FF62089EE7200218D93 /* FastBFInterpreter.c */,
			);
			name = Interpreters;
			sourceTree = "<group>";
		};
		57352C19208DAC810025AF33 /* Genetic Algorithms */ = {
			isa = PBXGroup;
			children = (
				57352C1A208DAD6D0025AF33 /* SinglePopulationAlgorithm.h */,
				57352C1B208DAD6D0025AF33 /* SinglePopulationAlgorithm.c */,
			);
			name = "Genetic Algorithms";
			sourceTree = "<group>";
		};
		57352C21208FD02B0025AF33 /* Breeders */ = {
			isa = PBXGroup;
			children = (
				57352C22208FD11C0025AF33 /* RandomCrossoverBreeder.h */,
				57352C23208FD11C0025AF33 /* RandomCrossoverBreeder.c */,
			);
			name = Breeders;
			sourceTree = "<group>";
		};
		57352C28208FD6520025AF33 /* Mutators */ = {
			isa = PBXGroup;
			children = (
				57352C29208FD7310025AF33 /* RandomReplaceMutator.h */,
				57352C2A208FD7310025AF33 /* RandomReplaceMutator.c */,
				57352C3B20924AD00025AF33 /* ReplaceInsertMutator.h */,
				57352C3C20924AD00025AF33 /* ReplaceInsertMutator.c */,
			);
			name = Mutators;
			sourceTree = "<group>";
		};
		57352C2F208FFCB60025AF33 /* Selectors */ = {
			isa = PBXGroup;
			children = (
				57352C30209022D50025AF33 /* BreedTop.h */,
				57352C31209022D50025AF33 /* BreedTop.c */,
			);
			name = Selectors;
			sourceTree = "<group>";
		};
		57352C33209105BC0025AF33 /* Fitness Functions */ = {
			isa = PBXGroup;
			children = (
				57352C3720917ED00025AF33 /* StringCmpFitness.h */,
				57352C3820917ED00025AF33 /* StringCmpFitness.c */,
			);
			name = "Fitness Functions";
			sourceTree = "<group>";
		};
		576D6FD6208694F900218D93 = {
			isa = PBXGroup;
			children = (
				576D6FE1208694FA00218D93 /* BFAIClean */,
				576D6FE0208694FA00218D93 /* Products */,
			);
			sourceTree = "<group>";
		};
		576D6FE0208694FA00218D93 /* Products */ = {
			isa = PBXGroup;
			children = (
				576D6FDF208694FA00218D93 /* BFAIClean */,
			);
			name = Products;
			sourceTree = "<group>";
		};
		576D6FE1208694FA00218D93 /* BFAIClean */ = {
			isa = PBXGroup;
			children = (
				576D6FE2208694FA00218D93 /* main.c */,
				576D6FE9208695C800218D93 /* Settings.h */,
				576D6FEA208695C800218D93 /* Settings.c */,
				57352C11208ABB330025AF33 /* Generic Structures */,
				57352C12208ABB5B0025AF33 /* Interpreters */,
				57352C19208DAC810025AF33 /* Genetic Algorithms */,
				57352C21208FD02B0025AF33 /* Breeders */,
				57352C28208FD6520025AF33 /* Mutators */,
				57352C2F208FFCB60025AF33 /* Selectors */,
				57352C33209105BC0025AF33 /* Fitness Functions */,
				57352C102089F3210025AF33 /* Loadfiles */,
				576D6FF32086A06300218D93 /* LoadFileTemplate */,
			);
			path = BFAIClean;
			sourceTree = "<group>";
		};
/* End PBXGroup section */

/* Begin PBXNativeTarget section */
		576D6FDE208694FA00218D93 /* BFAIClean */ = {
			isa = PBXNativeTarget;
			buildConfigurationList = 576D6FE6208694FA00218D93 /* Build configuration list for PBXNativeTarget "BFAIClean" */;
			buildPhases = (
				576D6FDB208694FA00218D93 /* Sources */,
				576D6FDC208694FA00218D93 /* Frameworks */,
				576D6FDD208694FA00218D93 /* CopyFiles */,
			);
			buildRules = (
			);
			dependencies = (
			);
			name = BFAIClean;
			productName = BFAIClean;
			productReference = 576D6FDF208694FA00218D93 /* BFAIClean */;
			productType = "com.apple.product-type.tool";
		};
/* End PBXNativeTarget section */

/* Begin PBXProject section */
		576D6FD7208694F900218D93 /* Project object */ = {
			isa = PBXProject;
			attributes = {
				LastUpgradeCheck = 0920;
				ORGANIZATIONNAME = "Aaron Kaufer";
				TargetAttributes = {
					576D6FDE208694FA00218D93 = {
						CreatedOnToolsVersion = 9.2;
						ProvisioningStyle = Automatic;
					};
				};
			};
			buildConfigurationList = 576D6FDA208694FA00218D93 /* Build configuration list for PBXProject "BFAIClean" */;
			compatibilityVersion = "Xcode 8.0";
			developmentRegion = en;
			hasScannedForEncodings = 0;
			knownRegions = (
				en,
			);
			mainGroup = 576D6FD6208694F900218D93;
			productRefGroup = 576D6FE0208694FA00218D93 /* Products */;
			projectDirPath = "";
			projectRoot = "";
			targets = (
				576D6FDE208694FA00218D93 /* BFAIClean */,
			);
		};
/* End PBXProject section */

/* Begin PBXSourcesBuildPhase section */
		576D6FDB208694FA00218D93 /* Sources */ = {
			isa = PBXSourcesBuildPhase;
			buildActionMask = 2147483647;
			files = (
				57352C36209105F10025AF33 /* FitnessFunction.c in Sources */,
				57352C2B208FD7310025AF33 /* RandomReplaceMutator.c in Sources */,
				57352C20208EF0960025AF33 /* Breeder.c in Sources */,
				57352C24208FD11C0025AF33 /* RandomCrossoverBreeder.c in Sources */,
				57352C1C208DAD6D0025AF33 /* SinglePopulationAlgorithm.c in Sources */,
				576D6FEB208695C800218D93 /* Settings.c in Sources */,
				57352C3920917ED00025AF33 /* StringCmpFitness.c in Sources */,
				57352C2E208FF7680025AF33 /* BreedingSelector.c in Sources */,
				576D6FF72089EE7200218D93 /* FastBFInterpreter.c in Sources */,
				57352C27208FD4C30025AF33 /* Mutator.c in Sources */,
				57352C3D20924AD00025AF33 /* ReplaceInsertMutator.c in Sources */,
				576D6FF120869A3F00218D93 /* StupidInterpreter.c in Sources */,
				57352C15208D82B00025AF33 /* Genetics.c in Sources */,
				57352C32209022D50025AF33 /* BreedTop.c in Sources */,
				576D6FEE2086973F00218D93 /* Interpreter.c in Sources */,
				57352C18208D894C0025AF33 /* Algorithm.c in Sources */,
				576D6FE3208694FA00218D93 /* main.c in Sources */,
			);
			runOnlyForDeploymentPostprocessing = 0;
		};
/* End PBXSourcesBuildPhase section */

/* Begin XCBuildConfiguration section */
		576D6FE4208694FA00218D93 /* Debug */ = {
			isa = XCBuildConfiguration;
			buildSettings = {
				ALWAYS_SEARCH_USER_PATHS = NO;
				CLANG_ANALYZER_NONNULL = YES;
				CLANG_ANALYZER_NUMBER_OBJECT_CONVERSION = YES_AGGRESSIVE;
				CLANG_CXX_LANGUAGE_STANDARD = "gnu++14";
				CLANG_CXX_LIBRARY = "libc++";
				CLANG_ENABLE_MODULES = YES;
				CLANG_ENABLE_OBJC_ARC = YES;
				CLANG_WARN_BLOCK_CAPTURE_AUTORELEASING = YES;
				CLANG_WARN_BOOL_CONVERSION = YES;
				CLANG_WARN_COMMA = YES;
				CLANG_WARN_CONSTANT_CONVERSION = YES;
				CLANG_WARN_DIRECT_OBJC_ISA_USAGE = YES_ERROR;
				CLANG_WARN_DOCUMENTATION_COMMENTS = YES;
				CLANG_WARN_EMPTY_BODY = YES;
				CLANG_WARN_ENUM_CONVERSION = YES;
				CLANG_WARN_INFINITE_RECURSION = YES;
				CLANG_WARN_INT_CONVERSION = YES;
				CLANG_WARN_NON_LITERAL_NULL_CONVERSION = YES;
				CLANG_WARN_OBJC_LITERAL_CONVERSION = YES;
				CLANG_WARN_OBJC_ROOT_CLASS = YES_ERROR;
				CLANG_WARN_RANGE_LOOP_ANALYSIS = YES;
				CLANG_WARN_STRICT_PROTOTYPES = YES;
				CLANG_WARN_SUSPICIOUS_MOVE = YES;
				CLANG_WARN_UNGUARDED_AVAILABILITY = YES_AGGRESSIVE;
				CLANG_WARN_UNREACHABLE_CODE = YES;
				CLANG_WARN__DUPLICATE_METHOD_MATCH = YES;
				CODE_SIGN_IDENTITY = "Mac Developer";
				COPY_PHASE_STRIP = NO;
				DEBUG_INFORMATION_FORMAT = dwarf;
				ENABLE_STRICT_OBJC_MSGSEND = YES;
				ENABLE_TESTABILITY = YES;
				GCC_C_LANGUAGE_STANDARD = gnu11;
				GCC_DYNAMIC_NO_PIC = NO;
				GCC_NO_COMMON_BLOCKS = YES;
				GCC_OPTIMIZATION_LEVEL = 0;
				GCC_PREPROCESSOR_DEFINITIONS = (
					"DEBUG=1",
					"$(inherited)",
				);
				GCC_WARN_64_TO_32_BIT_CONVERSION = YES;
				GCC_WARN_ABOUT_RETURN_TYPE = YES_ERROR;
				GCC_WARN_UNDECLARED_SELECTOR = YES;
				GCC_WARN_UNINITIALIZED_AUTOS = YES_AGGRESSIVE;
				GCC_WARN_UNUSED_FUNCTION = YES;
				GCC_WARN_UNUSED_VARIABLE = YES;
				MACOSX_DEPLOYMENT_TARGET = 10.13;
				MTL_ENABLE_DEBUG_INFO = YES;
				ONLY_ACTIVE_ARCH = YES;
				SDKROOT = macosx;
			};
			name = Debug;
		};
		576D6FE5208694FA00218D93 /* Release */ = {
			isa = XCBuildConfiguration;
			buildSettings = {
				ALWAYS_SEARCH_USER_PATHS = NO;
				CLANG_ANALYZER_NONNULL = YES;
				CLANG_ANALYZER_NUMBER_OBJECT_CONVERSION = YES_AGGRESSIVE;
				CLANG_CXX_LANGUAGE_STANDARD = "gnu++14";
				CLANG_CXX_LIBRARY = "libc++";
				CLANG_ENABLE_MODULES = YES;
				CLANG_ENABLE_OBJC_ARC = YES;
				CLANG_WARN_BLOCK_CAPTURE_AUTORELEASING = YES;
				CLANG_WARN_BOOL_CONVERSION = YES;
				CLANG_WARN_COMMA = YES;
				CLANG_WARN_CONSTANT_CONVERSION = YES;
				CLANG_WARN_DIRECT_OBJC_ISA_USAGE = YES_ERROR;
				CLANG_WARN_DOCUMENTATION_COMMENTS = YES;
				CLANG_WARN_EMPTY_BODY = YES;
				CLANG_WARN_ENUM_CONVERSION = YES;
				CLANG_WARN_INFINITE_RECURSION = YES;
				CLANG_WARN_INT_CONVERSION = YES;
				CLANG_WARN_NON_LITERAL_NULL_CONVERSION = YES;
				CLANG_WARN_OBJC_LITERAL_CONVERSION = YES;
				CLANG_WARN_OBJC_ROOT_CLASS = YES_ERROR;
				CLANG_WARN_RANGE_LOOP_ANALYSIS = YES;
				CLANG_WARN_STRICT_PROTOTYPES = YES;
				CLANG_WARN_SUSPICIOUS_MOVE = YES;
				CLANG_WARN_UNGUARDED_AVAILABILITY = YES_AGGRESSIVE;
				CLANG_WARN_UNREACHABLE_CODE = YES;
				CLANG_WARN__DUPLICATE_METHOD_MATCH = YES;
				CODE_SIGN_IDENTITY = "Mac Developer";
				COPY_PHASE_STRIP = NO;
				DEBUG_INFORMATION_FORMAT = "dwarf-with-dsym";
				ENABLE_NS_ASSERTIONS = NO;
				ENABLE_STRICT_OBJC_MSGSEND = YES;
				GCC_C_LANGUAGE_STANDARD = gnu11;
				GCC_NO_COMMON_BLOCKS = YES;
				GCC_WARN_64_TO_32_BIT_CONVERSION = YES;
				GCC_WARN_ABOUT_RETURN_TYPE = YES_ERROR;
				GCC_WARN_UNDECLARED_SELECTOR = YES;
				GCC_WARN_UNINITIALIZED_AUTOS = YES_AGGRESSIVE;
				GCC_WARN_UNUSED_FUNCTION = YES;
				GCC_WARN_UNUSED_VARIABLE = YES;
				MACOSX_DEPLOYMENT_TARGET = 10.13;
				MTL_ENABLE_DEBUG_INFO = NO;
				SDKROOT = macosx;
			};
			name = Release;
		};
		576D6FE7208694FA00218D93 /* Debug */ = {
			isa = XCBuildConfiguration;
			buildSettings = {
				CODE_SIGN_STYLE = Automatic;
				DEVELOPMENT_TEAM = C9VA399HSJ;
				PRODUCT_NAME = "$(TARGET_NAME)";
			};
			name = Debug;
		};
		576D6FE8208694FA00218D93 /* Release */ = {
			isa = XCBuildConfiguration;
			buildSettings = {
				CODE_SIGN_STYLE = Automatic;
				DEVELOPMENT_TEAM = C9VA399HSJ;
				PRODUCT_NAME = "$(TARGET_NAME)";
			};
			name = Release;
		};
/* End XCBuildConfiguration section */

/* Begin XCConfigurationList section */
		576D6FDA208694FA00218D93 /* Build configuration list for PBXProject "BFAIClean" */ = {
			isa = XCConfigurationList;
			buildConfigurations = (
				576D6FE4208694FA00218D93 /* Debug */,
				576D6FE5208694FA00218D93 /* Release */,
			);
			defaultConfigurationIsVisible = 0;
			defaultConfigurationName = Release;
		};
		576D6FE6208694FA00218D93 /* Build configuration list for PBXNativeTarget "BFAIClean" */ = {
			isa = XCConfigurationList;
			buildConfigurations = (
				576D6FE7208694FA00218D93 /* Debug */,
				576D6FE8208694FA00218D93 /* Release */,
			);
			defaultConfigurationIsVisible = 0;
			defaultConfigurationName = Release;
		};
/* End XCConfigurationList section */
	};
	rootObject = 576D6FD7208694F900218D93 /* Project object */;
}
